
Microsoft Visual Studio Solution File, Format Version 12.00
# Visual Studio Version 16
VisualStudioVersion = 16.0.31424.327
MinimumVisualStudioVersion = 10.0.40219.1
Project("{FAE04EC0-301F-11D3-BF4B-00C04F79EFBC}") = "StartMenuChanger", "StartMenuChanger.csproj", "{DA50F080-26C4-436F-850B-D3571F85F186}"
EndProject
Global
	GlobalSection(SolutionConfigurationPlatforms) = preSolution
		Debug|Any CPU = Debug|Any CPU
		Release|Any CPU = Release|Any CPU
	EndGlobalSection
	GlobalSection(ProjectConfigurationPlatforms) = postSolution
		{DA50F080-26C4-436F-850B-D3571F85F186}.Debug|Any CPU.ActiveCfg = Debug|Any CPU
		{DA50F080-26C4-436F-850B-D3571F85F186}.Debug|Any CPU.Build.0 = Debug|Any CPU
		{DA50F080-26C4-436F-850B-D3571F85F186}.Release|Any CPU.ActiveCfg = Release|Any CPU
		{DA50F080-26C4-436F-850B-D3571F85F186}.Release|Any CPU.Build.0 = Release|Any CPU
	EndGlobalSection
	GlobalSection(SolutionProperties) = preSolution
		HideSolutionNode = FALSE
	EndGlobalSection
	GlobalSection(ExtensibilityGlobals) = postSolution
		SolutionGuid = {20AB19E0-A59B-4856-AB88-1928AFA0FCB6}
	EndGlobalSection
EndGlobal
